
Microsoft Visual Studio Solution File, Format Version 12.00
# Visual Studio Version 17
VisualStudioVersion = 17.10.34928.147
MinimumVisualStudioVersion = 10.0.40219.1
Project("{FAE04EC0-301F-11D3-BF4B-00C04F79EFBC}") = "Notes", "Notes\Notes.csproj", "{DFF249D5-8B0F-42AA-B470-BF3A59FA8221}"
EndProject
Global
	GlobalSection(SolutionConfigurationPlatforms) = preSolution
		Debug|Any CPU = Debug|Any CPU
		Release|Any CPU = Release|Any CPU
	EndGlobalSection
	GlobalSection(ProjectConfigurationPlatforms) = postSolution
		{DFF249D5-8B0F-42AA-B470-BF3A59FA8221}.Debug|Any CPU.ActiveCfg = Debug|Any CPU
		{DFF249D5-8B0F-42AA-B470-BF3A59FA8221}.Debug|Any CPU.Build.0 = Debug|Any CPU
		{DFF249D5-8B0F-42AA-B470-BF3A59FA8221}.Release|Any CPU.ActiveCfg = Release|Any CPU
		{DFF249D5-8B0F-42AA-B470-BF3A59FA8221}.Release|Any CPU.Build.0 = Release|Any CPU
	EndGlobalSection
	GlobalSection(SolutionProperties) = preSolution
		HideSolutionNode = FALSE
	EndGlobalSection
	GlobalSection(ExtensibilityGlobals) = postSolution
		SolutionGuid = {84E9E5A3-925A-47C2-8848-826D5E0DB97B}
	EndGlobalSection
EndGlobal
